{
  "name": "e2e",
  "version": "1.0.0",
  "lockfileVersion": 3,
  "requires": true,
  "packages": {
    "": {
      "name": "e2e",
      "version": "1.0.0",
      "license": "ISC",
      "devDependencies": {
        "@playwright/test": "^1.47.0",
        "@types/node": "^22.5.4",
        "libmime": "^5.3.5"
      }
    },
    "node_modules/@playwright/test": {
      "version": "1.47.0",
      "resolved": "https://registry.npmjs.org/@playwright/test/-/test-1.47.0.tgz",
      "integrity": "sha512-SgAdlSwYVpToI4e/IH19IHHWvoijAYH5hu2MWSXptRypLSnzj51PcGD+rsOXFayde4P9ZLi+loXVwArg6IUkCA==",
      "dev": true,
      "license": "Apache-2.0",
      "dependencies": {
        "playwright": "1.47.0"
      },
      "bin": {
        "playwright": "cli.js"
      },
      "engines": {
        "node": ">=18"
      }
    },
    "node_modules/@types/node": {
      "version": "22.5.4",
      "resolved": "https://registry.npmjs.org/@types/node/-/node-22.5.4.tgz",
      "integrity": "sha512-FDuKUJQm/ju9fT/SeX/6+gBzoPzlVCzfzmGkwKvRHQVxi4BntVbyIwf6a4Xn62mrvndLiml6z/UBXIdEVjQLXg==",
      "dev": true,
      "license": "MIT",
      "dependencies": {
        "undici-types": "~6.19.2"
      }
    },
    "node_modules/encoding-japanese": {
      "version": "2.1.0",
      "resolved": "https://registry.npmjs.org/encoding-japanese/-/encoding-japanese-2.1.0.tgz",
      "integrity": "sha512-58XySVxUgVlBikBTbQ8WdDxBDHIdXucB16LO5PBHR8t75D54wQrNo4cg+58+R1CtJfKnsVsvt9XlteRaR8xw1w==",
      "dev": true,
      "license": "MIT",
      "engines": {
        "node": ">=8.10.0"
      }
    },
    "node_modules/fsevents": {
      "version": "2.3.2",
      "resolved": "https://registry.npmjs.org/fsevents/-/fsevents-2.3.2.tgz",
      "integrity": "sha512-xiqMQR4xAeHTuB9uWm+fFRcIOgKBMiOBP+eXiyT7jsgVCq1bkVygt00oASowB7EdtpOHaaPgKt812P9ab+DDKA==",
      "dev": true,
      "hasInstallScript": true,
      "license": "MIT",
      "optional": true,
      "os": [
        "darwin"
      ],
      "engines": {
        "node": "^8.16.0 || ^10.6.0 || >=11.0.0"
      }
    },
    "node_modules/iconv-lite": {
      "version": "0.6.3",
      "resolved": "https://registry.npmjs.org/iconv-lite/-/iconv-lite-0.6.3.tgz",
      "integrity": "sha512-4fCk79wshMdzMp2rH06qWrJE4iolqLhCUH+OiuIgU++RB0+94NlDL81atO7GX55uUKueo0txHNtvEyI6D7WdMw==",
      "dev": true,
      "license": "MIT",
      "dependencies": {
        "safer-buffer": ">= 2.1.2 < 3.0.0"
      },
      "engines": {
        "node": ">=0.10.0"
      }
    },
    "node_modules/libbase64": {
      "version": "1.3.0",
      "resolved": "https://registry.npmjs.org/libbase64/-/libbase64-1.3.0.tgz",
      "integrity": "sha512-GgOXd0Eo6phYgh0DJtjQ2tO8dc0IVINtZJeARPeiIJqge+HdsWSuaDTe8ztQ7j/cONByDZ3zeB325AHiv5O0dg==",
      "dev": true,
      "license": "MIT"
    },
    "node_modules/libmime": {
      "version": "5.3.5",
      "resolved": "https://registry.npmjs.org/libmime/-/libmime-5.3.5.tgz",
      "integrity": "sha512-nSlR1yRZ43L3cZCiWEw7ali3jY29Hz9CQQ96Oy+sSspYnIP5N54ucOPHqooBsXzwrX1pwn13VUE05q4WmzfaLg==",
      "dev": true,
      "license": "MIT",
      "dependencies": {
        "encoding-japanese": "2.1.0",
        "iconv-lite": "0.6.3",
        "libbase64": "1.3.0",
        "libqp": "2.1.0"
      }
    },
    "node_modules/libqp": {
      "version": "2.1.0",
      "resolved": "https://registry.npmjs.org/libqp/-/libqp-2.1.0.tgz",
      "integrity": "sha512-O6O6/fsG5jiUVbvdgT7YX3xY3uIadR6wEZ7+vy9u7PKHAlSEB6blvC1o5pHBjgsi95Uo0aiBBdkyFecj6jtb7A==",
      "dev": true,
      "license": "MIT"
    },
    "node_modules/playwright": {
      "version": "1.47.0",
      "resolved": "https://registry.npmjs.org/playwright/-/playwright-1.47.0.tgz",
      "integrity": "sha512-jOWiRq2pdNAX/mwLiwFYnPHpEZ4rM+fRSQpRHwEwZlP2PUANvL3+aJOF/bvISMhFD30rqMxUB4RJx9aQbfh4Ww==",
      "dev": true,
      "license": "Apache-2.0",
      "dependencies": {
        "playwright-core": "1.47.0"
      },
      "bin": {
        "playwright": "cli.js"
      },
      "engines": {
        "node": ">=18"
      },
      "optionalDependencies": {
        "fsevents": "2.3.2"
      }
    },
    "node_modules/playwright-core": {
      "version": "1.47.0",
      "resolved": "https://registry.npmjs.org/playwright-core/-/playwright-core-1.47.0.tgz",
      "integrity": "sha512-1DyHT8OqkcfCkYUD9zzUTfg7EfTd+6a8MkD/NWOvjo0u/SCNd5YmY/lJwFvUZOxJbWNds+ei7ic2+R/cRz/PDg==",
      "dev": true,
      "license": "Apache-2.0",
      "bin": {
        "playwright-core": "cli.js"
      },
      "engines": {
        "node": ">=18"
      }
    },
    "node_modules/safer-buffer": {
      "version": "2.1.2",
      "resolved": "https://registry.npmjs.org/safer-buffer/-/safer-buffer-2.1.2.tgz",
      "integrity": "sha512-YZo3K82SD7Riyi0E1EQPojLz7kpepnSQI9IyPbHHg1XXXevb5dJI7tpyN2ADxGcQbHG7vcyRHk0cbwqcQriUtg==",
      "dev": true,
      "license": "MIT"
    },
    "node_modules/undici-types": {
      "version": "6.19.8",
      "resolved": "https://registry.npmjs.org/undici-types/-/undici-types-6.19.8.tgz",
      "integrity": "sha512-ve2KP6f/JnbPBFyobGHuerC9g1FYGn/F8n1LWTwNxCEzd6IfqTwUQcNXgEtmmQ6DlRrC1hrSrBnCZPokRrDHjw==",
      "dev": true,
      "license": "MIT"
    }
  }
}
